
Microsoft Visual Studio Solution File, Format Version 12.00
# Visual Studio 15
VisualStudioVersion = 15.0.28307.779
MinimumVisualStudioVersion = 10.0.40219.1
Project("{8BC9CEB8-8B4A-11D0-8D11-00A0C91BC942}") = "oop_hw2", "oop_hw2\oop_hw2.vcxproj", "{5BF2A868-C894-436A-B681-455692CD8629}"
EndProject
Global
	GlobalSection(SolutionConfigurationPlatforms) = preSolution
		Debug|x64 = Debug|x64
		Debug|x86 = Debug|x86
		Release|x64 = Release|x64
		Release|x86 = Release|x86
	EndGlobalSection
	GlobalSection(ProjectConfigurationPlatforms) = postSolution
		{5BF2A868-C894-436A-B681-455692CD8629}.Debug|x64.ActiveCfg = Debug|x64
		{5BF2A868-C894-436A-B681-455692CD8629}.Debug|x64.Build.0 = Debug|x64
		{5BF2A868-C894-436A-B681-455692CD8629}.Debug|x86.ActiveCfg = Debug|Win32
		{5BF2A868-C894-436A-B681-455692CD8629}.Debug|x86.Build.0 = Debug|Win32
		{5BF2A868-C894-436A-B681-455692CD8629}.Release|x64.ActiveCfg = Release|x64
		{5BF2A868-C894-436A-B681-455692CD8629}.Release|x64.Build.0 = Release|x64
		{5BF2A868-C894-436A-B681-455692CD8629}.Release|x86.ActiveCfg = Release|Win32
		{5BF2A868-C894-436A-B681-455692CD8629}.Release|x86.Build.0 = Release|Win32
	EndGlobalSection
	GlobalSection(SolutionProperties) = preSolution
		HideSolutionNode = FALSE
	EndGlobalSection
	GlobalSection(ExtensibilityGlobals) = postSolution
		SolutionGuid = {F972B85F-78BD-4A8B-B139-98E0CAF910D1}
	EndGlobalSection
EndGlobal
