
Microsoft Visual Studio Solution File, Format Version 12.00
# Visual Studio 15
VisualStudioVersion = 15.0.28307.779
MinimumVisualStudioVersion = 10.0.40219.1
Project("{8BC9CEB8-8B4A-11D0-8D11-00A0C91BC942}") = "homework5", "homework5\homework5.vcxproj", "{635BDF69-2E3D-410A-A912-411ABEFD4CEF}"
EndProject
Global
	GlobalSection(SolutionConfigurationPlatforms) = preSolution
		Debug|x64 = Debug|x64
		Debug|x86 = Debug|x86
		Release|x64 = Release|x64
		Release|x86 = Release|x86
	EndGlobalSection
	GlobalSection(ProjectConfigurationPlatforms) = postSolution
		{635BDF69-2E3D-410A-A912-411ABEFD4CEF}.Debug|x64.ActiveCfg = Debug|x64
		{635BDF69-2E3D-410A-A912-411ABEFD4CEF}.Debug|x64.Build.0 = Debug|x64
		{635BDF69-2E3D-410A-A912-411ABEFD4CEF}.Debug|x86.ActiveCfg = Debug|Win32
		{635BDF69-2E3D-410A-A912-411ABEFD4CEF}.Debug|x86.Build.0 = Debug|Win32
		{635BDF69-2E3D-410A-A912-411ABEFD4CEF}.Release|x64.ActiveCfg = Release|x64
		{635BDF69-2E3D-410A-A912-411ABEFD4CEF}.Release|x64.Build.0 = Release|x64
		{635BDF69-2E3D-410A-A912-411ABEFD4CEF}.Release|x86.ActiveCfg = Release|Win32
		{635BDF69-2E3D-410A-A912-411ABEFD4CEF}.Release|x86.Build.0 = Release|Win32
	EndGlobalSection
	GlobalSection(SolutionProperties) = preSolution
		HideSolutionNode = FALSE
	EndGlobalSection
	GlobalSection(ExtensibilityGlobals) = postSolution
		SolutionGuid = {DDA7C257-3E03-4029-911D-DE7928507EA1}
	EndGlobalSection
EndGlobal
